// !$*UTF8*$!
{
	archiveVersion = 1;
	classes = {
	};
	objectVersion = 55;
	objects = {

/* Begin PBXBuildFile section */
		9207FC6C280DDFE6008C7CA4 /* AppDelegate.swift in Sources */ = {isa = PBXBuildFile; fileRef = 9207FC6B280DDFE6008C7CA4 /* AppDelegate.swift */; };
		9207FC6E280DDFE6008C7CA4 /* SceneDelegate.swift in Sources */ = {isa = PBXBuildFile; fileRef = 9207FC6D280DDFE6008C7CA4 /* SceneDelegate.swift */; };
		9207FC73280DDFE6008C7CA4 /* Main.storyboard in Resources */ = {isa = PBXBuildFile; fileRef = 9207FC71280DDFE6008C7CA4 /* Main.storyboard */; };
		9207FC75280DDFE7008C7CA4 /* Assets.xcassets in Resources */ = {isa = PBXBuildFile; fileRef = 9207FC74280DDFE7008C7CA4 /* Assets.xcassets */; };
		9207FC78280DDFE7008C7CA4 /* LaunchScreen.storyboard in Resources */ = {isa = PBXBuildFile; fileRef = 9207FC76280DDFE7008C7CA4 /* LaunchScreen.storyboard */; };
		9207FC8728109A2A008C7CA4 /* FirebaseAnalytics in Frameworks */ = {isa = PBXBuildFile; productRef = 9207FC8628109A2A008C7CA4 /* FirebaseAnalytics */; };
		9207FC8928109A2A008C7CA4 /* FirebaseAuth in Frameworks */ = {isa = PBXBuildFile; productRef = 9207FC8828109A2A008C7CA4 /* FirebaseAuth */; };
		9207FC8B28109A2A008C7CA4 /* FirebaseCrashlytics in Frameworks */ = {isa = PBXBuildFile; productRef = 9207FC8A28109A2A008C7CA4 /* FirebaseCrashlytics */; };
		9207FC8D28109A2A008C7CA4 /* FirebaseDatabase in Frameworks */ = {isa = PBXBuildFile; productRef = 9207FC8C28109A2A008C7CA4 /* FirebaseDatabase */; };
		9207FC902810A24F008C7CA4 /* User.swift in Sources */ = {isa = PBXBuildFile; fileRef = 9207FC8F2810A24F008C7CA4 /* User.swift */; };
		9207FC952810AC5C008C7CA4 /* LoginViewController.swift in Sources */ = {isa = PBXBuildFile; fileRef = 9207FC942810AC5C008C7CA4 /* LoginViewController.swift */; };
		9207FC982810ACEA008C7CA4 /* Constants.swift in Sources */ = {isa = PBXBuildFile; fileRef = 9207FC972810ACEA008C7CA4 /* Constants.swift */; };
		9207FC9A2811F7A5008C7CA4 /* GoogleService-Info.plist in Resources */ = {isa = PBXBuildFile; fileRef = 9207FC992811F7A5008C7CA4 /* GoogleService-Info.plist */; };
		9207FCAF2819B40D008C7CA4 /* Kingfisher in Frameworks */ = {isa = PBXBuildFile; productRef = 9207FCAE2819B40D008C7CA4 /* Kingfisher */; };
		9207FCB6281C5F5B008C7CA4 /* Book.swift in Sources */ = {isa = PBXBuildFile; fileRef = 9207FCB5281C5F5B008C7CA4 /* Book.swift */; };
		9207FCBB281C8684008C7CA4 /* BooksViewController.swift in Sources */ = {isa = PBXBuildFile; fileRef = 9207FCBA281C8684008C7CA4 /* BooksViewController.swift */; };
		9207FCC3281D90D0008C7CA4 /* BookTableViewCell.swift in Sources */ = {isa = PBXBuildFile; fileRef = 9207FCC2281D90D0008C7CA4 /* BookTableViewCell.swift */; };
		9207FCC5281D90FD008C7CA4 /* MyBooksViewController.swift in Sources */ = {isa = PBXBuildFile; fileRef = 9207FCC4281D90FD008C7CA4 /* MyBooksViewController.swift */; };
		9207FCC8281EA456008C7CA4 /* DetailBookViewController.swift in Sources */ = {isa = PBXBuildFile; fileRef = 9207FCC7281EA456008C7CA4 /* DetailBookViewController.swift */; };
		9207FCCA2824492A008C7CA4 /* MyBookViewController.swift in Sources */ = {isa = PBXBuildFile; fileRef = 9207FCC92824492A008C7CA4 /* MyBookViewController.swift */; };
		9207FCCC2826BD78008C7CA4 /* FavouritesViewController.swift in Sources */ = {isa = PBXBuildFile; fileRef = 9207FCCB2826BD78008C7CA4 /* FavouritesViewController.swift */; };
		9207FCCF28284667008C7CA4 /* ImagePicker.swift in Sources */ = {isa = PBXBuildFile; fileRef = 9207FCCE28284667008C7CA4 /* ImagePicker.swift */; };
		9207FCD528286963008C7CA4 /* BookTableViewCell.xib in Resources */ = {isa = PBXBuildFile; fileRef = 9207FCD328286963008C7CA4 /* BookTableViewCell.xib */; };
		9207FCDA28297FBF008C7CA4 /* PaperOnboarding in Frameworks */ = {isa = PBXBuildFile; productRef = 9207FCD928297FBF008C7CA4 /* PaperOnboarding */; };
		9207FCDF2829835A008C7CA4 /* FirebaseStorage in Frameworks */ = {isa = PBXBuildFile; productRef = 9207FCDE2829835A008C7CA4 /* FirebaseStorage */; };
		92E4803C282FF36A001481B9 /* PKHUD in Frameworks */ = {isa = PBXBuildFile; productRef = 92E4803B282FF36A001481B9 /* PKHUD */; };
		92E480422830021C001481B9 /* OnboardingViewController.swift in Sources */ = {isa = PBXBuildFile; fileRef = 92E480412830021C001481B9 /* OnboardingViewController.swift */; };
		92E4804428301DB4001481B9 /* OnboardingView.swift in Sources */ = {isa = PBXBuildFile; fileRef = 92E4804328301DB4001481B9 /* OnboardingView.swift */; };
		92E4804B283AC876001481B9 /* UIImageView+Helpers.swift in Sources */ = {isa = PBXBuildFile; fileRef = 92E4804A283AC876001481B9 /* UIImageView+Helpers.swift */; };
		92E48052283ADAC8001481B9 /* BaseBooksViewController.swift in Sources */ = {isa = PBXBuildFile; fileRef = 92E48051283ADAC8001481B9 /* BaseBooksViewController.swift */; };
/* End PBXBuildFile section */

/* Begin PBXFileReference section */
		9207FC68280DDFE6008C7CA4 /* DiplomaProject.app */ = {isa = PBXFileReference; explicitFileType = wrapper.application; includeInIndex = 0; path = DiplomaProject.app; sourceTree = BUILT_PRODUCTS_DIR; };
		9207FC6B280DDFE6008C7CA4 /* AppDelegate.swift */ = {isa = PBXFileReference; lastKnownFileType = sourcecode.swift; path = AppDelegate.swift; sourceTree = "<group>"; };
		9207FC6D280DDFE6008C7CA4 /* SceneDelegate.swift */ = {isa = PBXFileReference; lastKnownFileType = sourcecode.swift; path = SceneDelegate.swift; sourceTree = "<group>"; };
		9207FC72280DDFE6008C7CA4 /* Base */ = {isa = PBXFileReference; lastKnownFileType = file.storyboard; name = Base; path = Base.lproj/Main.storyboard; sourceTree = "<group>"; };
		9207FC74280DDFE7008C7CA4 /* Assets.xcassets */ = {isa = PBXFileReference; lastKnownFileType = folder.assetcatalog; path = Assets.xcassets; sourceTree = "<group>"; };
		9207FC77280DDFE7008C7CA4 /* Base */ = {isa = PBXFileReference; lastKnownFileType = file.storyboard; name = Base; path = Base.lproj/LaunchScreen.storyboard; sourceTree = "<group>"; };
		9207FC79280DDFE7008C7CA4 /* Info.plist */ = {isa = PBXFileReference; lastKnownFileType = text.plist.xml; path = Info.plist; sourceTree = "<group>"; };
		9207FC8F2810A24F008C7CA4 /* User.swift */ = {isa = PBXFileReference; lastKnownFileType = sourcecode.swift; path = User.swift; sourceTree = "<group>"; };
		9207FC942810AC5C008C7CA4 /* LoginViewController.swift */ = {isa = PBXFileReference; lastKnownFileType = sourcecode.swift; path = LoginViewController.swift; sourceTree = "<group>"; };
		9207FC972810ACEA008C7CA4 /* Constants.swift */ = {isa = PBXFileReference; lastKnownFileType = sourcecode.swift; path = Constants.swift; sourceTree = "<group>"; };
		9207FC992811F7A5008C7CA4 /* GoogleService-Info.plist */ = {isa = PBXFileReference; fileEncoding = 4; lastKnownFileType = text.plist.xml; path = "GoogleService-Info.plist"; sourceTree = "<group>"; };
		9207FCB5281C5F5B008C7CA4 /* Book.swift */ = {isa = PBXFileReference; lastKnownFileType = sourcecode.swift; path = Book.swift; sourceTree = "<group>"; };
		9207FCBA281C8684008C7CA4 /* BooksViewController.swift */ = {isa = PBXFileReference; lastKnownFileType = sourcecode.swift; path = BooksViewController.swift; sourceTree = "<group>"; };
		9207FCC2281D90D0008C7CA4 /* BookTableViewCell.swift */ = {isa = PBXFileReference; lastKnownFileType = sourcecode.swift; path = BookTableViewCell.swift; sourceTree = "<group>"; };
		9207FCC4281D90FD008C7CA4 /* MyBooksViewController.swift */ = {isa = PBXFileReference; lastKnownFileType = sourcecode.swift; path = MyBooksViewController.swift; sourceTree = "<group>"; };
		9207FCC7281EA456008C7CA4 /* DetailBookViewController.swift */ = {isa = PBXFileReference; lastKnownFileType = sourcecode.swift; path = DetailBookViewController.swift; sourceTree = "<group>"; };
		9207FCC92824492A008C7CA4 /* MyBookViewController.swift */ = {isa = PBXFileReference; lastKnownFileType = sourcecode.swift; path = MyBookViewController.swift; sourceTree = "<group>"; };
		9207FCCB2826BD78008C7CA4 /* FavouritesViewController.swift */ = {isa = PBXFileReference; lastKnownFileType = sourcecode.swift; path = FavouritesViewController.swift; sourceTree = "<group>"; };
		9207FCCE28284667008C7CA4 /* ImagePicker.swift */ = {isa = PBXFileReference; lastKnownFileType = sourcecode.swift; path = ImagePicker.swift; sourceTree = "<group>"; };
		9207FCD328286963008C7CA4 /* BookTableViewCell.xib */ = {isa = PBXFileReference; lastKnownFileType = file.xib; path = BookTableViewCell.xib; sourceTree = "<group>"; };
		92E480412830021C001481B9 /* OnboardingViewController.swift */ = {isa = PBXFileReference; lastKnownFileType = sourcecode.swift; path = OnboardingViewController.swift; sourceTree = "<group>"; };
		92E4804328301DB4001481B9 /* OnboardingView.swift */ = {isa = PBXFileReference; lastKnownFileType = sourcecode.swift; path = OnboardingView.swift; sourceTree = "<group>"; };
		92E4804A283AC876001481B9 /* UIImageView+Helpers.swift */ = {isa = PBXFileReference; lastKnownFileType = sourcecode.swift; path = "UIImageView+Helpers.swift"; sourceTree = "<group>"; };
		92E48051283ADAC8001481B9 /* BaseBooksViewController.swift */ = {isa = PBXFileReference; lastKnownFileType = sourcecode.swift; path = BaseBooksViewController.swift; sourceTree = "<group>"; };
/* End PBXFileReference section */

/* Begin PBXFrameworksBuildPhase section */
		9207FC65280DDFE6008C7CA4 /* Frameworks */ = {
			isa = PBXFrameworksBuildPhase;
			buildActionMask = 2147483647;
			files = (
				9207FC8B28109A2A008C7CA4 /* FirebaseCrashlytics in Frameworks */,
				92E4803C282FF36A001481B9 /* PKHUD in Frameworks */,
				9207FC8728109A2A008C7CA4 /* FirebaseAnalytics in Frameworks */,
				9207FCDA28297FBF008C7CA4 /* PaperOnboarding in Frameworks */,
				9207FC8D28109A2A008C7CA4 /* FirebaseDatabase in Frameworks */,
				9207FCDF2829835A008C7CA4 /* FirebaseStorage in Frameworks */,
				9207FC8928109A2A008C7CA4 /* FirebaseAuth in Frameworks */,
				9207FCAF2819B40D008C7CA4 /* Kingfisher in Frameworks */,
			);
			runOnlyForDeploymentPostprocessing = 0;
		};
/* End PBXFrameworksBuildPhase section */

/* Begin PBXGroup section */
		9207FC5F280DDFE6008C7CA4 = {
			isa = PBXGroup;
			children = (
				9207FC6A280DDFE6008C7CA4 /* DiplomaProject */,
				9207FC69280DDFE6008C7CA4 /* Products */,
				9207FCDD2829835A008C7CA4 /* Frameworks */,
			);
			sourceTree = "<group>";
		};
		9207FC69280DDFE6008C7CA4 /* Products */ = {
			isa = PBXGroup;
			children = (
				9207FC68280DDFE6008C7CA4 /* DiplomaProject.app */,
			);
			name = Products;
			sourceTree = "<group>";
		};
		9207FC6A280DDFE6008C7CA4 /* DiplomaProject */ = {
			isa = PBXGroup;
			children = (
				9207FC962810ACAF008C7CA4 /* Constants */,
				9207FC8E2810A23A008C7CA4 /* Models */,
				9207FC922810A8DB008C7CA4 /* View */,
				9207FC7F280DE3D5008C7CA4 /* Storyboard */,
				92E48049283AC862001481B9 /* Extensions */,
				9207FC74280DDFE7008C7CA4 /* Assets.xcassets */,
				9207FC992811F7A5008C7CA4 /* GoogleService-Info.plist */,
				9207FC79280DDFE7008C7CA4 /* Info.plist */,
				9207FC80280DE40C008C7CA4 /* App */,
			);
			path = DiplomaProject;
			sourceTree = "<group>";
		};
		9207FC7F280DE3D5008C7CA4 /* Storyboard */ = {
			isa = PBXGroup;
			children = (
				9207FC71280DDFE6008C7CA4 /* Main.storyboard */,
				9207FC76280DDFE7008C7CA4 /* LaunchScreen.storyboard */,
				9207FCD328286963008C7CA4 /* BookTableViewCell.xib */,
			);
			path = Storyboard;
			sourceTree = "<group>";
		};
		9207FC80280DE40C008C7CA4 /* App */ = {
			isa = PBXGroup;
			children = (
				9207FC6B280DDFE6008C7CA4 /* AppDelegate.swift */,
				9207FC6D280DDFE6008C7CA4 /* SceneDelegate.swift */,
			);
			path = App;
			sourceTree = "<group>";
		};
		9207FC8E2810A23A008C7CA4 /* Models */ = {
			isa = PBXGroup;
			children = (
				9207FC8F2810A24F008C7CA4 /* User.swift */,
				9207FCB5281C5F5B008C7CA4 /* Book.swift */,
			);
			path = Models;
			sourceTree = "<group>";
		};
		9207FC922810A8DB008C7CA4 /* View */ = {
			isa = PBXGroup;
			children = (
				92E48050283ADA62001481B9 /* Common */,
				92E4804F283ADA30001481B9 /* ViewController */,
				92E4804D283AD9B5001481B9 /* Cell */,
			);
			path = View;
			sourceTree = "<group>";
		};
		9207FC962810ACAF008C7CA4 /* Constants */ = {
			isa = PBXGroup;
			children = (
				9207FC972810ACEA008C7CA4 /* Constants.swift */,
			);
			path = Constants;
			sourceTree = "<group>";
		};
		9207FCDD2829835A008C7CA4 /* Frameworks */ = {
			isa = PBXGroup;
			children = (
			);
			name = Frameworks;
			sourceTree = "<group>";
		};
		92E48049283AC862001481B9 /* Extensions */ = {
			isa = PBXGroup;
			children = (
				92E4804A283AC876001481B9 /* UIImageView+Helpers.swift */,
			);
			path = Extensions;
			sourceTree = "<group>";
		};
		92E4804D283AD9B5001481B9 /* Cell */ = {
			isa = PBXGroup;
			children = (
				9207FCC2281D90D0008C7CA4 /* BookTableViewCell.swift */,
			);
			path = Cell;
			sourceTree = "<group>";
		};
		92E4804F283ADA30001481B9 /* ViewController */ = {
			isa = PBXGroup;
			children = (
				92E48051283ADAC8001481B9 /* BaseBooksViewController.swift */,
				92E480412830021C001481B9 /* OnboardingViewController.swift */,
				9207FC942810AC5C008C7CA4 /* LoginViewController.swift */,
				9207FCBA281C8684008C7CA4 /* BooksViewController.swift */,
				9207FCC4281D90FD008C7CA4 /* MyBooksViewController.swift */,
				9207FCCB2826BD78008C7CA4 /* FavouritesViewController.swift */,
				9207FCC7281EA456008C7CA4 /* DetailBookViewController.swift */,
				9207FCC92824492A008C7CA4 /* MyBookViewController.swift */,
			);
			path = ViewController;
			sourceTree = "<group>";
		};
		92E48050283ADA62001481B9 /* Common */ = {
			isa = PBXGroup;
			children = (
				9207FCCE28284667008C7CA4 /* ImagePicker.swift */,
				92E4804328301DB4001481B9 /* OnboardingView.swift */,
			);
			path = Common;
			sourceTree = "<group>";
		};
/* End PBXGroup section */

/* Begin PBXNativeTarget section */
		9207FC67280DDFE6008C7CA4 /* DiplomaProject */ = {
			isa = PBXNativeTarget;
			buildConfigurationList = 9207FC7C280DDFE7008C7CA4 /* Build configuration list for PBXNativeTarget "DiplomaProject" */;
			buildPhases = (
				9207FC64280DDFE6008C7CA4 /* Sources */,
				9207FC65280DDFE6008C7CA4 /* Frameworks */,
				9207FC66280DDFE6008C7CA4 /* Resources */,
				9207FC932810AA35008C7CA4 /* ShellScript */,
				92E4804C283AD079001481B9 /* Swift lint */,
			);
			buildRules = (
			);
			dependencies = (
			);
			name = DiplomaProject;
			packageProductDependencies = (
				9207FC8628109A2A008C7CA4 /* FirebaseAnalytics */,
				9207FC8828109A2A008C7CA4 /* FirebaseAuth */,
				9207FC8A28109A2A008C7CA4 /* FirebaseCrashlytics */,
				9207FC8C28109A2A008C7CA4 /* FirebaseDatabase */,
				9207FCAE2819B40D008C7CA4 /* Kingfisher */,
				9207FCD928297FBF008C7CA4 /* PaperOnboarding */,
				9207FCDE2829835A008C7CA4 /* FirebaseStorage */,
				92E4803B282FF36A001481B9 /* PKHUD */,
			);
			productName = DiplomaProject;
			productReference = 9207FC68280DDFE6008C7CA4 /* DiplomaProject.app */;
			productType = "com.apple.product-type.application";
		};
/* End PBXNativeTarget section */

/* Begin PBXProject section */
		9207FC60280DDFE6008C7CA4 /* Project object */ = {
			isa = PBXProject;
			attributes = {
				BuildIndependentTargetsInParallel = 1;
				LastSwiftUpdateCheck = 1320;
				LastUpgradeCheck = 1320;
				TargetAttributes = {
					9207FC67280DDFE6008C7CA4 = {
						CreatedOnToolsVersion = 13.2.1;
					};
				};
			};
			buildConfigurationList = 9207FC63280DDFE6008C7CA4 /* Build configuration list for PBXProject "DiplomaProject" */;
			compatibilityVersion = "Xcode 13.0";
			developmentRegion = en;
			hasScannedForEncodings = 0;
			knownRegions = (
				en,
				Base,
			);
			mainGroup = 9207FC5F280DDFE6008C7CA4;
			packageReferences = (
				9207FC8528109A2A008C7CA4 /* XCRemoteSwiftPackageReference "firebase-ios-sdk" */,
				9207FCAD2819B40C008C7CA4 /* XCRemoteSwiftPackageReference "Kingfisher" */,
				9207FCD828297FBF008C7CA4 /* XCRemoteSwiftPackageReference "paper-onboarding" */,
				92E4803A282FF36A001481B9 /* XCRemoteSwiftPackageReference "PKHUD" */,
			);
			productRefGroup = 9207FC69280DDFE6008C7CA4 /* Products */;
			projectDirPath = "";
			projectRoot = "";
			targets = (
				9207FC67280DDFE6008C7CA4 /* DiplomaProject */,
			);
		};
/* End PBXProject section */

/* Begin PBXResourcesBuildPhase section */
		9207FC66280DDFE6008C7CA4 /* Resources */ = {
			isa = PBXResourcesBuildPhase;
			buildActionMask = 2147483647;
			files = (
				9207FC78280DDFE7008C7CA4 /* LaunchScreen.storyboard in Resources */,
				9207FCD528286963008C7CA4 /* BookTableViewCell.xib in Resources */,
				9207FC9A2811F7A5008C7CA4 /* GoogleService-Info.plist in Resources */,
				9207FC75280DDFE7008C7CA4 /* Assets.xcassets in Resources */,
				9207FC73280DDFE6008C7CA4 /* Main.storyboard in Resources */,
			);
			runOnlyForDeploymentPostprocessing = 0;
		};
/* End PBXResourcesBuildPhase section */

/* Begin PBXShellScriptBuildPhase section */
		9207FC932810AA35008C7CA4 /* ShellScript */ = {
			isa = PBXShellScriptBuildPhase;
			buildActionMask = 2147483647;
			files = (
			);
			inputFileListPaths = (
			);
			inputPaths = (
				"${DWARF_DSYM_FOLDER_PATH}/${DWARF_DSYM_FILE_NAME}/Contents/Resources/DWARF/${TARGET_NAME}",
				"$(SRCROOT)/$(BUILT_PRODUCTS_DIR)/$(INFOPLIST_PATH)",
			);
			outputFileListPaths = (
			);
			outputPaths = (
			);
			runOnlyForDeploymentPostprocessing = 0;
			shellPath = /bin/sh;
			shellScript = "\"${BUILD_DIR%/Build/*}/SourcePackages/checkouts/firebase-ios-sdk/Crashlytics/run\"\n";
		};
		92E4804C283AD079001481B9 /* Swift lint */ = {
			isa = PBXShellScriptBuildPhase;
			buildActionMask = 2147483647;
			files = (
			);
			inputFileListPaths = (
			);
			inputPaths = (
			);
			name = "Swift lint";
			outputFileListPaths = (
			);
			outputPaths = (
			);
			runOnlyForDeploymentPostprocessing = 0;
			shellPath = /bin/sh;
			shellScript = "export PATH=\"$PATH:/opt/homebrew/bin\"\nif which swiftlint > /dev/null; then\n  swiftlint\nelse\n  echo \"warning: SwiftLint not installed, download from https://github.com/realm/SwiftLint\"\nfi\n";
		};
/* End PBXShellScriptBuildPhase section */

/* Begin PBXSourcesBuildPhase section */
		9207FC64280DDFE6008C7CA4 /* Sources */ = {
			isa = PBXSourcesBuildPhase;
			buildActionMask = 2147483647;
			files = (
				9207FCBB281C8684008C7CA4 /* BooksViewController.swift in Sources */,
				9207FC902810A24F008C7CA4 /* User.swift in Sources */,
				9207FC6C280DDFE6008C7CA4 /* AppDelegate.swift in Sources */,
				9207FCCF28284667008C7CA4 /* ImagePicker.swift in Sources */,
				9207FC952810AC5C008C7CA4 /* LoginViewController.swift in Sources */,
				92E48052283ADAC8001481B9 /* BaseBooksViewController.swift in Sources */,
				9207FCCC2826BD78008C7CA4 /* FavouritesViewController.swift in Sources */,
				92E480422830021C001481B9 /* OnboardingViewController.swift in Sources */,
				9207FC6E280DDFE6008C7CA4 /* SceneDelegate.swift in Sources */,
				9207FCB6281C5F5B008C7CA4 /* Book.swift in Sources */,
				9207FCC8281EA456008C7CA4 /* DetailBookViewController.swift in Sources */,
				9207FCCA2824492A008C7CA4 /* MyBookViewController.swift in Sources */,
				9207FCC5281D90FD008C7CA4 /* MyBooksViewController.swift in Sources */,
				92E4804428301DB4001481B9 /* OnboardingView.swift in Sources */,
				9207FCC3281D90D0008C7CA4 /* BookTableViewCell.swift in Sources */,
				92E4804B283AC876001481B9 /* UIImageView+Helpers.swift in Sources */,
				9207FC982810ACEA008C7CA4 /* Constants.swift in Sources */,
			);
			runOnlyForDeploymentPostprocessing = 0;
		};
/* End PBXSourcesBuildPhase section */

/* Begin PBXVariantGroup section */
		9207FC71280DDFE6008C7CA4 /* Main.storyboard */ = {
			isa = PBXVariantGroup;
			children = (
				9207FC72280DDFE6008C7CA4 /* Base */,
			);
			name = Main.storyboard;
			sourceTree = "<group>";
		};
		9207FC76280DDFE7008C7CA4 /* LaunchScreen.storyboard */ = {
			isa = PBXVariantGroup;
			children = (
				9207FC77280DDFE7008C7CA4 /* Base */,
			);
			name = LaunchScreen.storyboard;
			sourceTree = "<group>";
		};
/* End PBXVariantGroup section */

/* Begin XCBuildConfiguration section */
		9207FC7A280DDFE7008C7CA4 /* Debug */ = {
			isa = XCBuildConfiguration;
			buildSettings = {
				ALWAYS_SEARCH_USER_PATHS = NO;
				CLANG_ANALYZER_NONNULL = YES;
				CLANG_ANALYZER_NUMBER_OBJECT_CONVERSION = YES_AGGRESSIVE;
				CLANG_CXX_LANGUAGE_STANDARD = "gnu++17";
				CLANG_CXX_LIBRARY = "libc++";
				CLANG_ENABLE_MODULES = YES;
				CLANG_ENABLE_OBJC_ARC = YES;
				CLANG_ENABLE_OBJC_WEAK = YES;
				CLANG_WARN_BLOCK_CAPTURE_AUTORELEASING = YES;
				CLANG_WARN_BOOL_CONVERSION = YES;
				CLANG_WARN_COMMA = YES;
				CLANG_WARN_CONSTANT_CONVERSION = YES;
				CLANG_WARN_DEPRECATED_OBJC_IMPLEMENTATIONS = YES;
				CLANG_WARN_DIRECT_OBJC_ISA_USAGE = YES_ERROR;
				CLANG_WARN_DOCUMENTATION_COMMENTS = YES;
				CLANG_WARN_EMPTY_BODY = YES;
				CLANG_WARN_ENUM_CONVERSION = YES;
				CLANG_WARN_INFINITE_RECURSION = YES;
				CLANG_WARN_INT_CONVERSION = YES;
				CLANG_WARN_NON_LITERAL_NULL_CONVERSION = YES;
				CLANG_WARN_OBJC_IMPLICIT_RETAIN_SELF = YES;
				CLANG_WARN_OBJC_LITERAL_CONVERSION = YES;
				CLANG_WARN_OBJC_ROOT_CLASS = YES_ERROR;
				CLANG_WARN_QUOTED_INCLUDE_IN_FRAMEWORK_HEADER = YES;
				CLANG_WARN_RANGE_LOOP_ANALYSIS = YES;
				CLANG_WARN_STRICT_PROTOTYPES = YES;
				CLANG_WARN_SUSPICIOUS_MOVE = YES;
				CLANG_WARN_UNGUARDED_AVAILABILITY = YES_AGGRESSIVE;
				CLANG_WARN_UNREACHABLE_CODE = YES;
				CLANG_WARN__DUPLICATE_METHOD_MATCH = YES;
				COPY_PHASE_STRIP = NO;
				DEBUG_INFORMATION_FORMAT = dwarf;
				ENABLE_STRICT_OBJC_MSGSEND = YES;
				ENABLE_TESTABILITY = YES;
				GCC_C_LANGUAGE_STANDARD = gnu11;
				GCC_DYNAMIC_NO_PIC = NO;
				GCC_NO_COMMON_BLOCKS = YES;
				GCC_OPTIMIZATION_LEVEL = 0;
				GCC_PREPROCESSOR_DEFINITIONS = (
					"DEBUG=1",
					"$(inherited)",
				);
				GCC_WARN_64_TO_32_BIT_CONVERSION = YES;
				GCC_WARN_ABOUT_RETURN_TYPE = YES_ERROR;
				GCC_WARN_UNDECLARED_SELECTOR = YES;
				GCC_WARN_UNINITIALIZED_AUTOS = YES_AGGRESSIVE;
				GCC_WARN_UNUSED_FUNCTION = YES;
				GCC_WARN_UNUSED_VARIABLE = YES;
				IPHONEOS_DEPLOYMENT_TARGET = 15.2;
				MTL_ENABLE_DEBUG_INFO = INCLUDE_SOURCE;
				MTL_FAST_MATH = YES;
				ONLY_ACTIVE_ARCH = YES;
				SDKROOT = iphoneos;
				SWIFT_ACTIVE_COMPILATION_CONDITIONS = DEBUG;
				SWIFT_OPTIMIZATION_LEVEL = "-Onone";
			};
			name = Debug;
		};
		9207FC7B280DDFE7008C7CA4 /* Release */ = {
			isa = XCBuildConfiguration;
			buildSettings = {
				ALWAYS_SEARCH_USER_PATHS = NO;
				CLANG_ANALYZER_NONNULL = YES;
				CLANG_ANALYZER_NUMBER_OBJECT_CONVERSION = YES_AGGRESSIVE;
				CLANG_CXX_LANGUAGE_STANDARD = "gnu++17";
				CLANG_CXX_LIBRARY = "libc++";
				CLANG_ENABLE_MODULES = YES;
				CLANG_ENABLE_OBJC_ARC = YES;
				CLANG_ENABLE_OBJC_WEAK = YES;
				CLANG_WARN_BLOCK_CAPTURE_AUTORELEASING = YES;
				CLANG_WARN_BOOL_CONVERSION = YES;
				CLANG_WARN_COMMA = YES;
				CLANG_WARN_CONSTANT_CONVERSION = YES;
				CLANG_WARN_DEPRECATED_OBJC_IMPLEMENTATIONS = YES;
				CLANG_WARN_DIRECT_OBJC_ISA_USAGE = YES_ERROR;
				CLANG_WARN_DOCUMENTATION_COMMENTS = YES;
				CLANG_WARN_EMPTY_BODY = YES;
				CLANG_WARN_ENUM_CONVERSION = YES;
				CLANG_WARN_INFINITE_RECURSION = YES;
				CLANG_WARN_INT_CONVERSION = YES;
				CLANG_WARN_NON_LITERAL_NULL_CONVERSION = YES;
				CLANG_WARN_OBJC_IMPLICIT_RETAIN_SELF = YES;
				CLANG_WARN_OBJC_LITERAL_CONVERSION = YES;
				CLANG_WARN_OBJC_ROOT_CLASS = YES_ERROR;
				CLANG_WARN_QUOTED_INCLUDE_IN_FRAMEWORK_HEADER = YES;
				CLANG_WARN_RANGE_LOOP_ANALYSIS = YES;
				CLANG_WARN_STRICT_PROTOTYPES = YES;
				CLANG_WARN_SUSPICIOUS_MOVE = YES;
				CLANG_WARN_UNGUARDED_AVAILABILITY = YES_AGGRESSIVE;
				CLANG_WARN_UNREACHABLE_CODE = YES;
				CLANG_WARN__DUPLICATE_METHOD_MATCH = YES;
				COPY_PHASE_STRIP = NO;
				DEBUG_INFORMATION_FORMAT = "dwarf-with-dsym";
				ENABLE_NS_ASSERTIONS = NO;
				ENABLE_STRICT_OBJC_MSGSEND = YES;
				GCC_C_LANGUAGE_STANDARD = gnu11;
				GCC_NO_COMMON_BLOCKS = YES;
				GCC_WARN_64_TO_32_BIT_CONVERSION = YES;
				GCC_WARN_ABOUT_RETURN_TYPE = YES_ERROR;
				GCC_WARN_UNDECLARED_SELECTOR = YES;
				GCC_WARN_UNINITIALIZED_AUTOS = YES_AGGRESSIVE;
				GCC_WARN_UNUSED_FUNCTION = YES;
				GCC_WARN_UNUSED_VARIABLE = YES;
				IPHONEOS_DEPLOYMENT_TARGET = 15.2;
				MTL_ENABLE_DEBUG_INFO = NO;
				MTL_FAST_MATH = YES;
				SDKROOT = iphoneos;
				SWIFT_COMPILATION_MODE = wholemodule;
				SWIFT_OPTIMIZATION_LEVEL = "-O";
				VALIDATE_PRODUCT = YES;
			};
			name = Release;
		};
		9207FC7D280DDFE7008C7CA4 /* Debug */ = {
			isa = XCBuildConfiguration;
			buildSettings = {
				ASSETCATALOG_COMPILER_APPICON_NAME = AppIcon;
				ASSETCATALOG_COMPILER_GLOBAL_ACCENT_COLOR_NAME = AccentColor;
				CODE_SIGN_STYLE = Automatic;
				CURRENT_PROJECT_VERSION = 1;
				DEBUG_INFORMATION_FORMAT = "dwarf-with-dsym";
				DEVELOPMENT_TEAM = 644WQVY3HU;
				GENERATE_INFOPLIST_FILE = YES;
				INFOPLIST_FILE = DiplomaProject/Info.plist;
				INFOPLIST_KEY_UIApplicationSupportsIndirectInputEvents = YES;
				INFOPLIST_KEY_UILaunchStoryboardName = LaunchScreen;
				INFOPLIST_KEY_UIMainStoryboardFile = Main;
				INFOPLIST_KEY_UISupportedInterfaceOrientations = UIInterfaceOrientationPortrait;
				INFOPLIST_KEY_UISupportedInterfaceOrientations_iPad = "UIInterfaceOrientationPortrait UIInterfaceOrientationPortraitUpsideDown UIInterfaceOrientationLandscapeLeft UIInterfaceOrientationLandscapeRight";
				INFOPLIST_KEY_UISupportedInterfaceOrientations_iPhone = "UIInterfaceOrientationPortrait UIInterfaceOrientationLandscapeLeft UIInterfaceOrientationLandscapeRight";
				IPHONEOS_DEPLOYMENT_TARGET = 14.0;
				LD_RUNPATH_SEARCH_PATHS = (
					"$(inherited)",
					"@executable_path/Frameworks",
				);
				MARKETING_VERSION = 1.0;
				PRODUCT_BUNDLE_IDENTIFIER = DID.DiplomaProject;
				PRODUCT_NAME = "$(TARGET_NAME)";
				SWIFT_EMIT_LOC_STRINGS = YES;
				SWIFT_VERSION = 5.0;
				TARGETED_DEVICE_FAMILY = "1,2";
			};
			name = Debug;
		};
		9207FC7E280DDFE7008C7CA4 /* Release */ = {
			isa = XCBuildConfiguration;
			buildSettings = {
				ASSETCATALOG_COMPILER_APPICON_NAME = AppIcon;
				ASSETCATALOG_COMPILER_GLOBAL_ACCENT_COLOR_NAME = AccentColor;
				CODE_SIGN_STYLE = Automatic;
				CURRENT_PROJECT_VERSION = 1;
				DEVELOPMENT_TEAM = 644WQVY3HU;
				GENERATE_INFOPLIST_FILE = YES;
				INFOPLIST_FILE = DiplomaProject/Info.plist;
				INFOPLIST_KEY_UIApplicationSupportsIndirectInputEvents = YES;
				INFOPLIST_KEY_UILaunchStoryboardName = LaunchScreen;
				INFOPLIST_KEY_UIMainStoryboardFile = Main;
				INFOPLIST_KEY_UISupportedInterfaceOrientations = UIInterfaceOrientationPortrait;
				INFOPLIST_KEY_UISupportedInterfaceOrientations_iPad = "UIInterfaceOrientationPortrait UIInterfaceOrientationPortraitUpsideDown UIInterfaceOrientationLandscapeLeft UIInterfaceOrientationLandscapeRight";
				INFOPLIST_KEY_UISupportedInterfaceOrientations_iPhone = "UIInterfaceOrientationPortrait UIInterfaceOrientationLandscapeLeft UIInterfaceOrientationLandscapeRight";
				IPHONEOS_DEPLOYMENT_TARGET = 14.0;
				LD_RUNPATH_SEARCH_PATHS = (
					"$(inherited)",
					"@executable_path/Frameworks",
				);
				MARKETING_VERSION = 1.0;
				PRODUCT_BUNDLE_IDENTIFIER = DID.DiplomaProject;
				PRODUCT_NAME = "$(TARGET_NAME)";
				SWIFT_EMIT_LOC_STRINGS = YES;
				SWIFT_VERSION = 5.0;
				TARGETED_DEVICE_FAMILY = "1,2";
			};
			name = Release;
		};
/* End XCBuildConfiguration section */

/* Begin XCConfigurationList section */
		9207FC63280DDFE6008C7CA4 /* Build configuration list for PBXProject "DiplomaProject" */ = {
			isa = XCConfigurationList;
			buildConfigurations = (
				9207FC7A280DDFE7008C7CA4 /* Debug */,
				9207FC7B280DDFE7008C7CA4 /* Release */,
			);
			defaultConfigurationIsVisible = 0;
			defaultConfigurationName = Release;
		};
		9207FC7C280DDFE7008C7CA4 /* Build configuration list for PBXNativeTarget "DiplomaProject" */ = {
			isa = XCConfigurationList;
			buildConfigurations = (
				9207FC7D280DDFE7008C7CA4 /* Debug */,
				9207FC7E280DDFE7008C7CA4 /* Release */,
			);
			defaultConfigurationIsVisible = 0;
			defaultConfigurationName = Release;
		};
/* End XCConfigurationList section */

/* Begin XCRemoteSwiftPackageReference section */
		9207FC8528109A2A008C7CA4 /* XCRemoteSwiftPackageReference "firebase-ios-sdk" */ = {
			isa = XCRemoteSwiftPackageReference;
			repositoryURL = "https://github.com/firebase/firebase-ios-sdk";
			requirement = {
				kind = upToNextMajorVersion;
				minimumVersion = 8.0.0;
			};
		};
		9207FCAD2819B40C008C7CA4 /* XCRemoteSwiftPackageReference "Kingfisher" */ = {
			isa = XCRemoteSwiftPackageReference;
			repositoryURL = "https://github.com/onevcat/Kingfisher.git";
			requirement = {
				kind = upToNextMajorVersion;
				minimumVersion = 7.0.0;
			};
		};
		9207FCD828297FBF008C7CA4 /* XCRemoteSwiftPackageReference "paper-onboarding" */ = {
			isa = XCRemoteSwiftPackageReference;
			repositoryURL = "https://github.com/Ramotion/paper-onboarding.git";
			requirement = {
				kind = upToNextMajorVersion;
				minimumVersion = 6.0.0;
			};
		};
		92E4803A282FF36A001481B9 /* XCRemoteSwiftPackageReference "PKHUD" */ = {
			isa = XCRemoteSwiftPackageReference;
			repositoryURL = "https://github.com/pkluz/PKHUD.git";
			requirement = {
				kind = exactVersion;
				version = 5.4.0;
			};
		};
/* End XCRemoteSwiftPackageReference section */

/* Begin XCSwiftPackageProductDependency section */
		9207FC8628109A2A008C7CA4 /* FirebaseAnalytics */ = {
			isa = XCSwiftPackageProductDependency;
			package = 9207FC8528109A2A008C7CA4 /* XCRemoteSwiftPackageReference "firebase-ios-sdk" */;
			productName = FirebaseAnalytics;
		};
		9207FC8828109A2A008C7CA4 /* FirebaseAuth */ = {
			isa = XCSwiftPackageProductDependency;
			package = 9207FC8528109A2A008C7CA4 /* XCRemoteSwiftPackageReference "firebase-ios-sdk" */;
			productName = FirebaseAuth;
		};
		9207FC8A28109A2A008C7CA4 /* FirebaseCrashlytics */ = {
			isa = XCSwiftPackageProductDependency;
			package = 9207FC8528109A2A008C7CA4 /* XCRemoteSwiftPackageReference "firebase-ios-sdk" */;
			productName = FirebaseCrashlytics;
		};
		9207FC8C28109A2A008C7CA4 /* FirebaseDatabase */ = {
			isa = XCSwiftPackageProductDependency;
			package = 9207FC8528109A2A008C7CA4 /* XCRemoteSwiftPackageReference "firebase-ios-sdk" */;
			productName = FirebaseDatabase;
		};
		9207FCAE2819B40D008C7CA4 /* Kingfisher */ = {
			isa = XCSwiftPackageProductDependency;
			package = 9207FCAD2819B40C008C7CA4 /* XCRemoteSwiftPackageReference "Kingfisher" */;
			productName = Kingfisher;
		};
		9207FCD928297FBF008C7CA4 /* PaperOnboarding */ = {
			isa = XCSwiftPackageProductDependency;
			package = 9207FCD828297FBF008C7CA4 /* XCRemoteSwiftPackageReference "paper-onboarding" */;
			productName = PaperOnboarding;
		};
		9207FCDE2829835A008C7CA4 /* FirebaseStorage */ = {
			isa = XCSwiftPackageProductDependency;
			package = 9207FC8528109A2A008C7CA4 /* XCRemoteSwiftPackageReference "firebase-ios-sdk" */;
			productName = FirebaseStorage;
		};
		92E4803B282FF36A001481B9 /* PKHUD */ = {
			isa = XCSwiftPackageProductDependency;
			package = 92E4803A282FF36A001481B9 /* XCRemoteSwiftPackageReference "PKHUD" */;
			productName = PKHUD;
		};
/* End XCSwiftPackageProductDependency section */
	};
	rootObject = 9207FC60280DDFE6008C7CA4 /* Project object */;
}
